
Microsoft Visual Studio Solution File, Format Version 12.00
# Visual Studio Version 17
VisualStudioVersion = 17.1.32319.34
MinimumVisualStudioVersion = 10.0.40219.1
Project("{FAE04EC0-301F-11D3-BF4B-00C04F79EFBC}") = "cef", "cef\cef.csproj", "{CD6BFE5D-2FBE-422F-A016-83B51FEA6C40}"
EndProject
Global
	GlobalSection(SolutionConfigurationPlatforms) = preSolution
		Debug|Any CPU = Debug|Any CPU
		Debug|x64 = Debug|x64
		Release|Any CPU = Release|Any CPU
		Release|x64 = Release|x64
	EndGlobalSection
	GlobalSection(ProjectConfigurationPlatforms) = postSolution
		{CD6BFE5D-2FBE-422F-A016-83B51FEA6C40}.Debug|Any CPU.ActiveCfg = Debug|Any CPU
		{CD6BFE5D-2FBE-422F-A016-83B51FEA6C40}.Debug|Any CPU.Build.0 = Debug|Any CPU
		{CD6BFE5D-2FBE-422F-A016-83B51FEA6C40}.Debug|x64.ActiveCfg = Debug|x64
		{CD6BFE5D-2FBE-422F-A016-83B51FEA6C40}.Debug|x64.Build.0 = Debug|x64
		{CD6BFE5D-2FBE-422F-A016-83B51FEA6C40}.Release|Any CPU.ActiveCfg = Release|Any CPU
		{CD6BFE5D-2FBE-422F-A016-83B51FEA6C40}.Release|Any CPU.Build.0 = Release|Any CPU
		{CD6BFE5D-2FBE-422F-A016-83B51FEA6C40}.Release|x64.ActiveCfg = Release|x64
		{CD6BFE5D-2FBE-422F-A016-83B51FEA6C40}.Release|x64.Build.0 = Release|x64
	EndGlobalSection
	GlobalSection(SolutionProperties) = preSolution
		HideSolutionNode = FALSE
	EndGlobalSection
	GlobalSection(ExtensibilityGlobals) = postSolution
		SolutionGuid = {6E4FD6E2-F7D8-4DEC-8355-0FA292E5372F}
	EndGlobalSection
EndGlobal
